
Microsoft Visual Studio Solution File, Format Version 11.00
# Visual Studio 2010
Project("{FAE04EC0-301F-11D3-BF4B-00C04F79EFBC}") = "GitToSvn", "GitToSvn\GitToSvn.csproj", "{76C064BE-0E3D-4559-ABC4-9A0FAE1A3A11}"
EndProject
Global
	GlobalSection(SolutionConfigurationPlatforms) = preSolution
		Debug|x86 = Debug|x86
		Release|x86 = Release|x86
	EndGlobalSection
	GlobalSection(ProjectConfigurationPlatforms) = postSolution
		{76C064BE-0E3D-4559-ABC4-9A0FAE1A3A11}.Debug|x86.ActiveCfg = Debug|x86
		{76C064BE-0E3D-4559-ABC4-9A0FAE1A3A11}.Debug|x86.Build.0 = Debug|x86
		{76C064BE-0E3D-4559-ABC4-9A0FAE1A3A11}.Release|x86.ActiveCfg = Release|x86
		{76C064BE-0E3D-4559-ABC4-9A0FAE1A3A11}.Release|x86.Build.0 = Release|x86
	EndGlobalSection
	GlobalSection(SolutionProperties) = preSolution
		HideSolutionNode = FALSE
	EndGlobalSection
EndGlobal
